
Microsoft Visual Studio Solution File, Format Version 12.00
# Visual Studio Version 16
VisualStudioVersion = 16.0.28721.148
MinimumVisualStudioVersion = 10.0.40219.1
Project("{9A19103F-16F7-4668-BE54-9A1E7A4F7556}") = "Yale.Performance", "Yale.Performance.csproj", "{310EDB14-2930-4FE8-9E60-15D2DFE01D6C}"
EndProject
Global
	GlobalSection(SolutionConfigurationPlatforms) = preSolution
		Debug|Any CPU = Debug|Any CPU
		Release|Any CPU = Release|Any CPU
	EndGlobalSection
	GlobalSection(ProjectConfigurationPlatforms) = postSolution
		{310EDB14-2930-4FE8-9E60-15D2DFE01D6C}.Debug|Any CPU.ActiveCfg = Debug|Any CPU
		{310EDB14-2930-4FE8-9E60-15D2DFE01D6C}.Debug|Any CPU.Build.0 = Debug|Any CPU
		{310EDB14-2930-4FE8-9E60-15D2DFE01D6C}.Release|Any CPU.ActiveCfg = Release|Any CPU
		{310EDB14-2930-4FE8-9E60-15D2DFE01D6C}.Release|Any CPU.Build.0 = Release|Any CPU
	EndGlobalSection
	GlobalSection(SolutionProperties) = preSolution
		HideSolutionNode = FALSE
	EndGlobalSection
	GlobalSection(ExtensibilityGlobals) = postSolution
		SolutionGuid = {B377B1AF-750F-410A-A397-694BCB72A821}
	EndGlobalSection
EndGlobal
